
Microsoft Visual Studio Solution File, Format Version 12.00
# Visual Studio Version 17
VisualStudioVersion = 17.14.36518.9 d17.14
MinimumVisualStudioVersion = 10.0.40219.1
Project("{FAE04EC0-301F-11D3-BF4B-00C04F79EFBC}") = "mf-dev-backend-web", "mf-dev-backend-web\mf-dev-backend-web.csproj", "{007FFE3D-E3FB-4EEC-9771-2523E39CCFA8}"
EndProject
Global
	GlobalSection(SolutionConfigurationPlatforms) = preSolution
		Debug|Any CPU = Debug|Any CPU
		Release|Any CPU = Release|Any CPU
	EndGlobalSection
	GlobalSection(ProjectConfigurationPlatforms) = postSolution
		{007FFE3D-E3FB-4EEC-9771-2523E39CCFA8}.Debug|Any CPU.ActiveCfg = Debug|Any CPU
		{007FFE3D-E3FB-4EEC-9771-2523E39CCFA8}.Debug|Any CPU.Build.0 = Debug|Any CPU
		{007FFE3D-E3FB-4EEC-9771-2523E39CCFA8}.Release|Any CPU.ActiveCfg = Release|Any CPU
		{007FFE3D-E3FB-4EEC-9771-2523E39CCFA8}.Release|Any CPU.Build.0 = Release|Any CPU
	EndGlobalSection
	GlobalSection(SolutionProperties) = preSolution
		HideSolutionNode = FALSE
	EndGlobalSection
	GlobalSection(ExtensibilityGlobals) = postSolution
		SolutionGuid = {2C207252-CC14-4B5E-A4D2-5330BE321B89}
	EndGlobalSection
EndGlobal
